{
  "requires": true,
  "lockfileVersion": 1,
  "dependencies": {
    "mappy-breakpoints": {
      "version": "0.2.3",
      "resolved": "https://registry.npmjs.org/mappy-breakpoints/-/mappy-breakpoints-0.2.3.tgz",
      "integrity": "sha1-55ZqFe6louprSJXSW364It199Fs="
    },
    "modular-scale": {
      "version": "5.1.0",
      "resolved": "https://registry.npmjs.org/modular-scale/-/modular-scale-5.1.0.tgz",
      "integrity": "sha512-jg69U8oktFpjBbtOdd7rWl7bmSIOo4OohJL8TXa4CMh8HaNYDxmq9+k3L2jx95VS1SW/TyoF+eQ/6dPfGguYrQ=="
    },
    "modularscale-sass": {
      "version": "3.0.8",
      "resolved": "https://registry.npmjs.org/modularscale-sass/-/modularscale-sass-3.0.8.tgz",
      "integrity": "sha512-NOO6NLXPiVG8T/ZkXImxSj1YtvzF37suAGxc9ty0pmQrU998fmJqR6kNqs+HmFqOjeCRJ3roBfA9Arohta2sBQ=="
    },
    "normalize.css": {
      "version": "8.0.1",
      "resolved": "https://registry.npmjs.org/normalize.css/-/normalize.css-8.0.1.tgz",
      "integrity": "sha512-qizSNPO93t1YUuUhP22btGOo3chcvDFqFaj2TRybP0DMxkHOCTYwp3n34fel4a31ORXy4m1Xq0Gyqpb5m33qIg=="
    },
    "typi": {
      "version": "3.2.0",
      "resolved": "https://registry.npmjs.org/typi/-/typi-3.2.0.tgz",
      "integrity": "sha1-LYw4Uhkti41wIeoQ9wPeZEKEmn8="
    }
  }
}
